
Microsoft Visual Studio Solution File, Format Version 12.00
# Visual Studio Version 17
VisualStudioVersion = 17.11.35222.181
MinimumVisualStudioVersion = 10.0.40219.1
Project("{FAE04EC0-301F-11D3-BF4B-00C04F79EFBC}") = "controllerView", "controllerView\controllerView.csproj", "{4FAD4955-0529-43A4-ADBF-146D1CFEC798}"
EndProject
Global
	GlobalSection(SolutionConfigurationPlatforms) = preSolution
		Debug|Any CPU = Debug|Any CPU
		Release|Any CPU = Release|Any CPU
	EndGlobalSection
	GlobalSection(ProjectConfigurationPlatforms) = postSolution
		{4FAD4955-0529-43A4-ADBF-146D1CFEC798}.Debug|Any CPU.ActiveCfg = Debug|Any CPU
		{4FAD4955-0529-43A4-ADBF-146D1CFEC798}.Debug|Any CPU.Build.0 = Debug|Any CPU
		{4FAD4955-0529-43A4-ADBF-146D1CFEC798}.Release|Any CPU.ActiveCfg = Release|Any CPU
		{4FAD4955-0529-43A4-ADBF-146D1CFEC798}.Release|Any CPU.Build.0 = Release|Any CPU
	EndGlobalSection
	GlobalSection(SolutionProperties) = preSolution
		HideSolutionNode = FALSE
	EndGlobalSection
	GlobalSection(ExtensibilityGlobals) = postSolution
		SolutionGuid = {8D389697-D89F-49D1-856D-ABC6AE084CD6}
	EndGlobalSection
EndGlobal
